{"1.2.0",
[{<<"bbmustache">>,{pkg,<<"bbmustache">>,<<"1.12.2">>},0},
 {<<"cowboy">>,{pkg,<<"cowboy">>,<<"2.12.0">>},0},
 {<<"cowlib">>,{pkg,<<"cowlib">>,<<"2.13.0">>},1},
 {<<"earmark">>,{pkg,<<"earmark">>,<<"1.4.47">>},1},
 {<<"eex">>,{ex,<<"eex">>,tag,<<"v1.18.4">>},1},
 {<<"elixir">>,{ex,<<"elixir">>,tag,<<"v1.18.4">>},1},
 {<<"elixir_full">>,{ex,<<"elixir_full">>,tag,<<"v1.18.4">>},0},
 {<<"erlang_red_helpers">>,
  {git,"https://github.com/gorenje/erlang-red-elixir-helpers",
       {ref,"2aee93984def79ce79ee1772b3ab670e1d4c39c8"}},
  0},
 {<<"erlang_red_jsonata">>,
  {git,"https://github.com/gorenje/erlang-red-jsonata",
       {ref,"ce0c77dfed048460f279ea60d76fb8589cb360e1"}},
  0},
 {<<"erlexec">>,{pkg,<<"erlexec">>,<<"2.2.0">>},0},
 {<<"erlydtl">>,{pkg,<<"erlydtl">>,<<"0.14.0">>},0},
 {<<"ex_unit">>,{ex,<<"ex_unit">>,tag,<<"v1.18.4">>},1},
 {<<"iex">>,{ex,<<"iex">>,tag,<<"v1.18.4">>},1},
 {<<"logger">>,{ex,<<"logger">>,tag,<<"v1.18.4">>},1},
 {<<"mapz">>,{pkg,<<"mapz">>,<<"2.4.0">>},0},
 {<<"mix">>,{ex,<<"mix">>,tag,<<"v1.18.4">>},1},
 {<<"nimble_csv">>,{pkg,<<"nimble_csv">>,<<"1.2.0">>},1},
 {<<"ranch">>,{pkg,<<"ranch">>,<<"1.8.0">>},1}]}.
[
{pkg_hash,[
 {<<"bbmustache">>, <<"0CABDCE0DB9FE6D3318131174B9F2B351328A4C0AFBEB3E6E99BB0E02E9B621D">>},
 {<<"cowboy">>, <<"F276D521A1FF88B2B9B4C54D0E753DA6C66DD7BE6C9FCA3D9418B561828A3731">>},
 {<<"cowlib">>, <<"DB8F7505D8332D98EF50A3EF34B34C1AFDDEC7506E4EE4DD4A3A266285D282CA">>},
 {<<"earmark">>, <<"7E7596B84FE4EBEB8751E14CBAEAF4D7A0237708F2CE43630CFD9065551F94CA">>},
 {<<"erlexec">>, <<"D14D5E0474DF880C29A5066BA798D4513ADBBC4AB99B7F90A2454C6482F761F7">>},
 {<<"erlydtl">>, <<"964B2DC84F8C17ACFAA69C59BA129EF26AC45D2BA898C3C6AD9B5BDC8BA13CED">>},
 {<<"mapz">>, <<"77A8E38B69BAB16C5D3EBD44E6C619F8AF1F1598B0CAAE301D266605A0865756">>},
 {<<"nimble_csv">>, <<"4E26385D260C61EBA9D4412C71CEA34421F296D5353F914AFE3F2E71CCE97722">>},
 {<<"ranch">>, <<"8C7A100A139FD57F17327B6413E4167AC559FBC04CA7448E9BE9057311597A1D">>}]},
{pkg_hash_ext,[
 {<<"bbmustache">>, <<"688B33A4D5CC2D51F575ADF0B3683FC40A38314A2F150906EDCFC77F5B577B3B">>},
 {<<"cowboy">>, <<"8A7ABE6D183372CEB21CAA2709BEC928AB2B72E18A3911AA1771639BEF82651E">>},
 {<<"cowlib">>, <<"E1E1284DC3FC030A64B1AD0D8382AE7E99DA46C3246B815318A4B848873800A4">>},
 {<<"earmark">>, <<"3E96BEBEA2C2D95F3B346A7FF22285BC68A99FBABDAD9B655AA9C6BE06C698F8">>},
 {<<"erlexec">>, <<"19E4E1C170DE5594DA1C67A8A9A0DEFAE0BC407E138A70B14FEA031FE9E67347">>},
 {<<"erlydtl">>, <<"D80EC044CD8F58809C19D29AC5605BE09E955040911B644505E31E9DD8143431">>},
 {<<"mapz">>, <<"4B68DF5CF0522E0D6545DF7B681BC052865CDB78405AD4CC9C55FE45EE7B25BE">>},
 {<<"nimble_csv">>, <<"D0628117FCC2148178B034044C55359B26966C6EAA8E2CE15777BE3BBC91B12A">>},
 {<<"ranch">>, <<"49FBCFD3682FAB1F5D109351B61257676DA1A2FDBE295904176D5E521A2DDFE5">>}]}
].
